{
  "requires": true,
  "lockfileVersion": 1,
  "dependencies": {
    "@angular/common": {
      "version": "8.2.14",
      "resolved": "https://registry.npmjs.org/@angular/common/-/common-8.2.14.tgz",
      "integrity": "sha512-Qmt+aX2quUW54kaNT7QH7WGXnFxr/cC2C6sf5SW5SdkZfDQSiz8IaItvieZfXVQUbBOQKFRJ7TlSkt0jI/yjvw==",
      "requires": {
        "tslib": "^1.9.0"
      }
    },
    "@angular/core": {
      "version": "8.2.14",
      "resolved": "https://registry.npmjs.org/@angular/core/-/core-8.2.14.tgz",
      "integrity": "sha512-zeePkigi+hPh3rN7yoNENG/YUBUsIvUXdxx+AZq+QPaFeKEA2FBSrKn36ojHFrdJUjKzl0lPMEiGC2b6a6bo6g==",
      "requires": {
        "tslib": "^1.9.0"
      }
    },
    "ng-circle-progress": {
      "version": "1.5.1",
      "resolved": "https://registry.npmjs.org/ng-circle-progress/-/ng-circle-progress-1.5.1.tgz",
      "integrity": "sha512-gJ0SdWc+TkXckfbhbvUY522yjya3qcc1a3lGvvVyLsUfSOgll8LQaZGDEko84d8dk8vYO83n0O5vP+e8bJTInQ==",
      "requires": {
        "tslib": "^1.9.0"
      }
    },
    "ng4-loading-spinner": {
      "version": "1.2.3",
      "resolved": "https://registry.npmjs.org/ng4-loading-spinner/-/ng4-loading-spinner-1.2.3.tgz",
      "integrity": "sha512-AxokaWmIMSv4YeZcwzSCs0f1PBnn/lgOVpaXuR5PdnNqGkpDema6b2KwONLtdzmL5YqKOpQo8DoyTRhlzGoohQ=="
    },
    "ngx-spinner": {
      "version": "8.0.3",
      "resolved": "https://registry.npmjs.org/ngx-spinner/-/ngx-spinner-8.0.3.tgz",
      "integrity": "sha512-2yiNDqY8jMSjRgYZEb6ubeOpvE2vzRndoPXj0FRINVjfuBioy501t+VwA99SKNbSHwVDa2plEuY7X3o4dbG1cQ==",
      "requires": {
        "tslib": "^1.9.0"
      }
    },
    "rxjs": {
      "version": "6.5.3",
      "resolved": "https://registry.npmjs.org/rxjs/-/rxjs-6.5.3.tgz",
      "integrity": "sha512-wuYsAYYFdWTAnAaPoKGNhfpWwKZbJW+HgAJ+mImp+Epl7BG8oNWBCTyRM8gba9k4lk8BgWdoYm21Mo/RYhhbgA==",
      "requires": {
        "tslib": "^1.9.0"
      }
    },
    "tslib": {
      "version": "1.10.0",
      "resolved": "https://registry.npmjs.org/tslib/-/tslib-1.10.0.tgz",
      "integrity": "sha512-qOebF53frne81cf0S9B41ByenJ3/IuH8yJKngAX35CmiZySA0khhkovshKK+jGCaMnVomla7gVlIcc3EvKPbTQ=="
    }
  }
}
